// !$*UTF8*$!
{
	archiveVersion = 1;
	classes = {
	};
	objectVersion = 48;
	objects = {

/* Begin PBXBuildFile section */
		EF24E11A1FA51CBF00642C7C /* AppDelegate.swift in Sources */ = {isa = PBXBuildFile; fileRef = EF24E1191FA51CBF00642C7C /* AppDelegate.swift */; };
		EF24E11C1FA51CBF00642C7C /* ViewController.swift in Sources */ = {isa = PBXBuildFile; fileRef = EF24E11B1FA51CBF00642C7C /* ViewController.swift */; };
		EF24E11F1FA51CBF00642C7C /* Main.storyboard in Resources */ = {isa = PBXBuildFile; fileRef = EF24E11D1FA51CBF00642C7C /* Main.storyboard */; };
		EF24E1211FA51CBF00642C7C /* Assets.xcassets in Resources */ = {isa = PBXBuildFile; fileRef = EF24E1201FA51CBF00642C7C /* Assets.xcassets */; };
		EF24E1241FA51CBF00642C7C /* LaunchScreen.storyboard in Resources */ = {isa = PBXBuildFile; fileRef = EF24E1221FA51CBF00642C7C /* LaunchScreen.storyboard */; };
		EF24E12F1FA51CBF00642C7C /* TestingMockedNetworkResponsesTests.swift in Sources */ = {isa = PBXBuildFile; fileRef = EF24E12E1FA51CBF00642C7C /* TestingMockedNetworkResponsesTests.swift */; };
		EF24E13A1FA51CBF00642C7C /* TestingMockedNetworkResponsesUITests.swift in Sources */ = {isa = PBXBuildFile; fileRef = EF24E1391FA51CBF00642C7C /* TestingMockedNetworkResponsesUITests.swift */; };
/* End PBXBuildFile section */

/* Begin PBXContainerItemProxy section */
		EF24E12B1FA51CBF00642C7C /* PBXContainerItemProxy */ = {
			isa = PBXContainerItemProxy;
			containerPortal = EF24E10E1FA51CBF00642C7C /* Project object */;
			proxyType = 1;
			remoteGlobalIDString = EF24E1151FA51CBF00642C7C;
			remoteInfo = TestingMockedNetworkResponses;
		};
		EF24E1361FA51CBF00642C7C /* PBXContainerItemProxy */ = {
			isa = PBXContainerItemProxy;
			containerPortal = EF24E10E1FA51CBF00642C7C /* Project object */;
			proxyType = 1;
			remoteGlobalIDString = EF24E1151FA51CBF00642C7C;
			remoteInfo = TestingMockedNetworkResponses;
		};
/* End PBXContainerItemProxy section */

/* Begin PBXFileReference section */
		EF24E1161FA51CBF00642C7C /* TestingMockedNetworkResponses.app */ = {isa = PBXFileReference; explicitFileType = wrapper.application; includeInIndex = 0; path = TestingMockedNetworkResponses.app; sourceTree = BUILT_PRODUCTS_DIR; };
		EF24E1191FA51CBF00642C7C /* AppDelegate.swift */ = {isa = PBXFileReference; lastKnownFileType = sourcecode.swift; path = AppDelegate.swift; sourceTree = "<group>"; };
		EF24E11B1FA51CBF00642C7C /* ViewController.swift */ = {isa = PBXFileReference; lastKnownFileType = sourcecode.swift; path = ViewController.swift; sourceTree = "<group>"; };
		EF24E11E1FA51CBF00642C7C /* Base */ = {isa = PBXFileReference; lastKnownFileType = file.storyboard; name = Base; path = Base.lproj/Main.storyboard; sourceTree = "<group>"; };
		EF24E1201FA51CBF00642C7C /* Assets.xcassets */ = {isa = PBXFileReference; lastKnownFileType = folder.assetcatalog; path = Assets.xcassets; sourceTree = "<group>"; };
		EF24E1231FA51CBF00642C7C /* Base */ = {isa = PBXFileReference; lastKnownFileType = file.storyboard; name = Base; path = Base.lproj/LaunchScreen.storyboard; sourceTree = "<group>"; };
		EF24E1251FA51CBF00642C7C /* Info.plist */ = {isa = PBXFileReference; lastKnownFileType = text.plist.xml; path = Info.plist; sourceTree = "<group>"; };
		EF24E12A1FA51CBF00642C7C /* TestingMockedNetworkResponsesTests.xctest */ = {isa = PBXFileReference; explicitFileType = wrapper.cfbundle; includeInIndex = 0; path = TestingMockedNetworkResponsesTests.xctest; sourceTree = BUILT_PRODUCTS_DIR; };
		EF24E12E1FA51CBF00642C7C /* TestingMockedNetworkResponsesTests.swift */ = {isa = PBXFileReference; lastKnownFileType = sourcecode.swift; path = TestingMockedNetworkResponsesTests.swift; sourceTree = "<group>"; };
		EF24E1301FA51CBF00642C7C /* Info.plist */ = {isa = PBXFileReference; lastKnownFileType = text.plist.xml; path = Info.plist; sourceTree = "<group>"; };
		EF24E1351FA51CBF00642C7C /* TestingMockedNetworkResponsesUITests.xctest */ = {isa = PBXFileReference; explicitFileType = wrapper.cfbundle; includeInIndex = 0; path = TestingMockedNetworkResponsesUITests.xctest; sourceTree = BUILT_PRODUCTS_DIR; };
		EF24E1391FA51CBF00642C7C /* TestingMockedNetworkResponsesUITests.swift */ = {isa = PBXFileReference; lastKnownFileType = sourcecode.swift; path = TestingMockedNetworkResponsesUITests.swift; sourceTree = "<group>"; };
		EF24E13B1FA51CBF00642C7C /* Info.plist */ = {isa = PBXFileReference; lastKnownFileType = text.plist.xml; path = Info.plist; sourceTree = "<group>"; };
/* End PBXFileReference section */

/* Begin PBXFrameworksBuildPhase section */
		EF24E1131FA51CBF00642C7C /* Frameworks */ = {
			isa = PBXFrameworksBuildPhase;
			buildActionMask = 2147483647;
			files = (
			);
			runOnlyForDeploymentPostprocessing = 0;
		};
		EF24E1271FA51CBF00642C7C /* Frameworks */ = {
			isa = PBXFrameworksBuildPhase;
			buildActionMask = 2147483647;
			files = (
			);
			runOnlyForDeploymentPostprocessing = 0;
		};
		EF24E1321FA51CBF00642C7C /* Frameworks */ = {
			isa = PBXFrameworksBuildPhase;
			buildActionMask = 2147483647;
			files = (
			);
			runOnlyForDeploymentPostprocessing = 0;
		};
/* End PBXFrameworksBuildPhase section */

/* Begin PBXGroup section */
		EF24E10D1FA51CBF00642C7C = {
			isa = PBXGroup;
			children = (
				EF24E1181FA51CBF00642C7C /* TestingMockedNetworkResponses */,
				EF24E12D1FA51CBF00642C7C /* TestingMockedNetworkResponsesTests */,
				EF24E1381FA51CBF00642C7C /* TestingMockedNetworkResponsesUITests */,
				EF24E1171FA51CBF00642C7C /* Products */,
			);
			sourceTree = "<group>";
		};
		EF24E1171FA51CBF00642C7C /* Products */ = {
			isa = PBXGroup;
			children = (
				EF24E1161FA51CBF00642C7C /* TestingMockedNetworkResponses.app */,
				EF24E12A1FA51CBF00642C7C /* TestingMockedNetworkResponsesTests.xctest */,
				EF24E1351FA51CBF00642C7C /* TestingMockedNetworkResponsesUITests.xctest */,
			);
			name = Products;
			sourceTree = "<group>";
		};
		EF24E1181FA51CBF00642C7C /* TestingMockedNetworkResponses */ = {
			isa = PBXGroup;
			children = (
				EF24E1191FA51CBF00642C7C /* AppDelegate.swift */,
				EF24E11B1FA51CBF00642C7C /* ViewController.swift */,
				EF24E11D1FA51CBF00642C7C /* Main.storyboard */,
				EF24E1201FA51CBF00642C7C /* Assets.xcassets */,
				EF24E1221FA51CBF00642C7C /* LaunchScreen.storyboard */,
				EF24E1251FA51CBF00642C7C /* Info.plist */,
			);
			path = TestingMockedNetworkResponses;
			sourceTree = "<group>";
		};
		EF24E12D1FA51CBF00642C7C /* TestingMockedNetworkResponsesTests */ = {
			isa = PBXGroup;
			children = (
				EF24E12E1FA51CBF00642C7C /* TestingMockedNetworkResponsesTests.swift */,
				EF24E1301FA51CBF00642C7C /* Info.plist */,
			);
			path = TestingMockedNetworkResponsesTests;
			sourceTree = "<group>";
		};
		EF24E1381FA51CBF00642C7C /* TestingMockedNetworkResponsesUITests */ = {
			isa = PBXGroup;
			children = (
				EF24E1391FA51CBF00642C7C /* TestingMockedNetworkResponsesUITests.swift */,
				EF24E13B1FA51CBF00642C7C /* Info.plist */,
			);
			path = TestingMockedNetworkResponsesUITests;
			sourceTree = "<group>";
		};
/* End PBXGroup section */

/* Begin PBXNativeTarget section */
		EF24E1151FA51CBF00642C7C /* TestingMockedNetworkResponses */ = {
			isa = PBXNativeTarget;
			buildConfigurationList = EF24E13E1FA51CBF00642C7C /* Build configuration list for PBXNativeTarget "TestingMockedNetworkResponses" */;
			buildPhases = (
				EF24E1121FA51CBF00642C7C /* Sources */,
				EF24E1131FA51CBF00642C7C /* Frameworks */,
				EF24E1141FA51CBF00642C7C /* Resources */,
			);
			buildRules = (
			);
			dependencies = (
			);
			name = TestingMockedNetworkResponses;
			productName = TestingMockedNetworkResponses;
			productReference = EF24E1161FA51CBF00642C7C /* TestingMockedNetworkResponses.app */;
			productType = "com.apple.product-type.application";
		};
		EF24E1291FA51CBF00642C7C /* TestingMockedNetworkResponsesTests */ = {
			isa = PBXNativeTarget;
			buildConfigurationList = EF24E1411FA51CBF00642C7C /* Build configuration list for PBXNativeTarget "TestingMockedNetworkResponsesTests" */;
			buildPhases = (
				EF24E1261FA51CBF00642C7C /* Sources */,
				EF24E1271FA51CBF00642C7C /* Frameworks */,
				EF24E1281FA51CBF00642C7C /* Resources */,
			);
			buildRules = (
			);
			dependencies = (
				EF24E12C1FA51CBF00642C7C /* PBXTargetDependency */,
			);
			name = TestingMockedNetworkResponsesTests;
			productName = TestingMockedNetworkResponsesTests;
			productReference = EF24E12A1FA51CBF00642C7C /* TestingMockedNetworkResponsesTests.xctest */;
			productType = "com.apple.product-type.bundle.unit-test";
		};
		EF24E1341FA51CBF00642C7C /* TestingMockedNetworkResponsesUITests */ = {
			isa = PBXNativeTarget;
			buildConfigurationList = EF24E1441FA51CBF00642C7C /* Build configuration list for PBXNativeTarget "TestingMockedNetworkResponsesUITests" */;
			buildPhases = (
				EF24E1311FA51CBF00642C7C /* Sources */,
				EF24E1321FA51CBF00642C7C /* Frameworks */,
				EF24E1331FA51CBF00642C7C /* Resources */,
			);
			buildRules = (
			);
			dependencies = (
				EF24E1371FA51CBF00642C7C /* PBXTargetDependency */,
			);
			name = TestingMockedNetworkResponsesUITests;
			productName = TestingMockedNetworkResponsesUITests;
			productReference = EF24E1351FA51CBF00642C7C /* TestingMockedNetworkResponsesUITests.xctest */;
			productType = "com.apple.product-type.bundle.ui-testing";
		};
/* End PBXNativeTarget section */

/* Begin PBXProject section */
		EF24E10E1FA51CBF00642C7C /* Project object */ = {
			isa = PBXProject;
			attributes = {
				LastSwiftUpdateCheck = 0910;
				LastUpgradeCheck = 0910;
				ORGANIZATIONNAME = "Shaun Codes";
				TargetAttributes = {
					EF24E1151FA51CBF00642C7C = {
						CreatedOnToolsVersion = 9.1;
						ProvisioningStyle = Automatic;
					};
					EF24E1291FA51CBF00642C7C = {
						CreatedOnToolsVersion = 9.1;
						ProvisioningStyle = Automatic;
						TestTargetID = EF24E1151FA51CBF00642C7C;
					};
					EF24E1341FA51CBF00642C7C = {
						CreatedOnToolsVersion = 9.1;
						ProvisioningStyle = Automatic;
						TestTargetID = EF24E1151FA51CBF00642C7C;
					};
				};
			};
			buildConfigurationList = EF24E1111FA51CBF00642C7C /* Build configuration list for PBXProject "TestingMockedNetworkResponses" */;
			compatibilityVersion = "Xcode 8.0";
			developmentRegion = en;
			hasScannedForEncodings = 0;
			knownRegions = (
				en,
				Base,
			);
			mainGroup = EF24E10D1FA51CBF00642C7C;
			productRefGroup = EF24E1171FA51CBF00642C7C /* Products */;
			projectDirPath = "";
			projectRoot = "";
			targets = (
				EF24E1151FA51CBF00642C7C /* TestingMockedNetworkResponses */,
				EF24E1291FA51CBF00642C7C /* TestingMockedNetworkResponsesTests */,
				EF24E1341FA51CBF00642C7C /* TestingMockedNetworkResponsesUITests */,
			);
		};
/* End PBXProject section */

/* Begin PBXResourcesBuildPhase section */
		EF24E1141FA51CBF00642C7C /* Resources */ = {
			isa = PBXResourcesBuildPhase;
			buildActionMask = 2147483647;
			files = (
				EF24E1241FA51CBF00642C7C /* LaunchScreen.storyboard in Resources */,
				EF24E1211FA51CBF00642C7C /* Assets.xcassets in Resources */,
				EF24E11F1FA51CBF00642C7C /* Main.storyboard in Resources */,
			);
			runOnlyForDeploymentPostprocessing = 0;
		};
		EF24E1281FA51CBF00642C7C /* Resources */ = {
			isa = PBXResourcesBuildPhase;
			buildActionMask = 2147483647;
			files = (
			);
			runOnlyForDeploymentPostprocessing = 0;
		};
		EF24E1331FA51CBF00642C7C /* Resources */ = {
			isa = PBXResourcesBuildPhase;
			buildActionMask = 2147483647;
			files = (
			);
			runOnlyForDeploymentPostprocessing = 0;
		};
/* End PBXResourcesBuildPhase section */

/* Begin PBXSourcesBuildPhase section */
		EF24E1121FA51CBF00642C7C /* Sources */ = {
			isa = PBXSourcesBuildPhase;
			buildActionMask = 2147483647;
			files = (
				EF24E11C1FA51CBF00642C7C /* ViewController.swift in Sources */,
				EF24E11A1FA51CBF00642C7C /* AppDelegate.swift in Sources */,
			);
			runOnlyForDeploymentPostprocessing = 0;
		};
		EF24E1261FA51CBF00642C7C /* Sources */ = {
			isa = PBXSourcesBuildPhase;
			buildActionMask = 2147483647;
			files = (
				EF24E12F1FA51CBF00642C7C /* TestingMockedNetworkResponsesTests.swift in Sources */,
			);
			runOnlyForDeploymentPostprocessing = 0;
		};
		EF24E1311FA51CBF00642C7C /* Sources */ = {
			isa = PBXSourcesBuildPhase;
			buildActionMask = 2147483647;
			files = (
				EF24E13A1FA51CBF00642C7C /* TestingMockedNetworkResponsesUITests.swift in Sources */,
			);
			runOnlyForDeploymentPostprocessing = 0;
		};
/* End PBXSourcesBuildPhase section */

/* Begin PBXTargetDependency section */
		EF24E12C1FA51CBF00642C7C /* PBXTargetDependency */ = {
			isa = PBXTargetDependency;
			target = EF24E1151FA51CBF00642C7C /* TestingMockedNetworkResponses */;
			targetProxy = EF24E12B1FA51CBF00642C7C /* PBXContainerItemProxy */;
		};
		EF24E1371FA51CBF00642C7C /* PBXTargetDependency */ = {
			isa = PBXTargetDependency;
			target = EF24E1151FA51CBF00642C7C /* TestingMockedNetworkResponses */;
			targetProxy = EF24E1361FA51CBF00642C7C /* PBXContainerItemProxy */;
		};
/* End PBXTargetDependency section */

/* Begin PBXVariantGroup section */
		EF24E11D1FA51CBF00642C7C /* Main.storyboard */ = {
			isa = PBXVariantGroup;
			children = (
				EF24E11E1FA51CBF00642C7C /* Base */,
			);
			name = Main.storyboard;
			sourceTree = "<group>";
		};
		EF24E1221FA51CBF00642C7C /* LaunchScreen.storyboard */ = {
			isa = PBXVariantGroup;
			children = (
				EF24E1231FA51CBF00642C7C /* Base */,
			);
			name = LaunchScreen.storyboard;
			sourceTree = "<group>";
		};
/* End PBXVariantGroup section */

/* Begin XCBuildConfiguration section */
		EF24E13C1FA51CBF00642C7C /* Debug */ = {
			isa = XCBuildConfiguration;
			buildSettings = {
				ALWAYS_SEARCH_USER_PATHS = NO;
				CLANG_ANALYZER_NONNULL = YES;
				CLANG_ANALYZER_NUMBER_OBJECT_CONVERSION = YES_AGGRESSIVE;
				CLANG_CXX_LANGUAGE_STANDARD = "gnu++14";
				CLANG_CXX_LIBRARY = "libc++";
				CLANG_ENABLE_MODULES = YES;
				CLANG_ENABLE_OBJC_ARC = YES;
				CLANG_WARN_BLOCK_CAPTURE_AUTORELEASING = YES;
				CLANG_WARN_BOOL_CONVERSION = YES;
				CLANG_WARN_COMMA = YES;
				CLANG_WARN_CONSTANT_CONVERSION = YES;
				CLANG_WARN_DIRECT_OBJC_ISA_USAGE = YES_ERROR;
				CLANG_WARN_DOCUMENTATION_COMMENTS = YES;
				CLANG_WARN_EMPTY_BODY = YES;
				CLANG_WARN_ENUM_CONVERSION = YES;
				CLANG_WARN_INFINITE_RECURSION = YES;
				CLANG_WARN_INT_CONVERSION = YES;
				CLANG_WARN_NON_LITERAL_NULL_CONVERSION = YES;
				CLANG_WARN_OBJC_LITERAL_CONVERSION = YES;
				CLANG_WARN_OBJC_ROOT_CLASS = YES_ERROR;
				CLANG_WARN_RANGE_LOOP_ANALYSIS = YES;
				CLANG_WARN_STRICT_PROTOTYPES = YES;
				CLANG_WARN_SUSPICIOUS_MOVE = YES;
				CLANG_WARN_UNGUARDED_AVAILABILITY = YES_AGGRESSIVE;
				CLANG_WARN_UNREACHABLE_CODE = YES;
				CLANG_WARN__DUPLICATE_METHOD_MATCH = YES;
				CODE_SIGN_IDENTITY = "iPhone Developer";
				COPY_PHASE_STRIP = NO;
				DEBUG_INFORMATION_FORMAT = dwarf;
				ENABLE_STRICT_OBJC_MSGSEND = YES;
				ENABLE_TESTABILITY = YES;
				GCC_C_LANGUAGE_STANDARD = gnu11;
				GCC_DYNAMIC_NO_PIC = NO;
				GCC_NO_COMMON_BLOCKS = YES;
				GCC_OPTIMIZATION_LEVEL = 0;
				GCC_PREPROCESSOR_DEFINITIONS = (
					"DEBUG=1",
					"$(inherited)",
				);
				GCC_WARN_64_TO_32_BIT_CONVERSION = YES;
				GCC_WARN_ABOUT_RETURN_TYPE = YES_ERROR;
				GCC_WARN_UNDECLARED_SELECTOR = YES;
				GCC_WARN_UNINITIALIZED_AUTOS = YES_AGGRESSIVE;
				GCC_WARN_UNUSED_FUNCTION = YES;
				GCC_WARN_UNUSED_VARIABLE = YES;
				IPHONEOS_DEPLOYMENT_TARGET = 11.1;
				MTL_ENABLE_DEBUG_INFO = YES;
				ONLY_ACTIVE_ARCH = YES;
				SDKROOT = iphoneos;
				SWIFT_ACTIVE_COMPILATION_CONDITIONS = DEBUG;
				SWIFT_OPTIMIZATION_LEVEL = "-Onone";
			};
			name = Debug;
		};
		EF24E13D1FA51CBF00642C7C /* Release */ = {
			isa = XCBuildConfiguration;
			buildSettings = {
				ALWAYS_SEARCH_USER_PATHS = NO;
				CLANG_ANALYZER_NONNULL = YES;
				CLANG_ANALYZER_NUMBER_OBJECT_CONVERSION = YES_AGGRESSIVE;
				CLANG_CXX_LANGUAGE_STANDARD = "gnu++14";
				CLANG_CXX_LIBRARY = "libc++";
				CLANG_ENABLE_MODULES = YES;
				CLANG_ENABLE_OBJC_ARC = YES;
				CLANG_WARN_BLOCK_CAPTURE_AUTORELEASING = YES;
				CLANG_WARN_BOOL_CONVERSION = YES;
				CLANG_WARN_COMMA = YES;
				CLANG_WARN_CONSTANT_CONVERSION = YES;
				CLANG_WARN_DIRECT_OBJC_ISA_USAGE = YES_ERROR;
				CLANG_WARN_DOCUMENTATION_COMMENTS = YES;
				CLANG_WARN_EMPTY_BODY = YES;
				CLANG_WARN_ENUM_CONVERSION = YES;
				CLANG_WARN_INFINITE_RECURSION = YES;
				CLANG_WARN_INT_CONVERSION = YES;
				CLANG_WARN_NON_LITERAL_NULL_CONVERSION = YES;
				CLANG_WARN_OBJC_LITERAL_CONVERSION = YES;
				CLANG_WARN_OBJC_ROOT_CLASS = YES_ERROR;
				CLANG_WARN_RANGE_LOOP_ANALYSIS = YES;
				CLANG_WARN_STRICT_PROTOTYPES = YES;
				CLANG_WARN_SUSPICIOUS_MOVE = YES;
				CLANG_WARN_UNGUARDED_AVAILABILITY = YES_AGGRESSIVE;
				CLANG_WARN_UNREACHABLE_CODE = YES;
				CLANG_WARN__DUPLICATE_METHOD_MATCH = YES;
				CODE_SIGN_IDENTITY = "iPhone Developer";
				COPY_PHASE_STRIP = NO;
				DEBUG_INFORMATION_FORMAT = "dwarf-with-dsym";
				ENABLE_NS_ASSERTIONS = NO;
				ENABLE_STRICT_OBJC_MSGSEND = YES;
				GCC_C_LANGUAGE_STANDARD = gnu11;
				GCC_NO_COMMON_BLOCKS = YES;
				GCC_WARN_64_TO_32_BIT_CONVERSION = YES;
				GCC_WARN_ABOUT_RETURN_TYPE = YES_ERROR;
				GCC_WARN_UNDECLARED_SELECTOR = YES;
				GCC_WARN_UNINITIALIZED_AUTOS = YES_AGGRESSIVE;
				GCC_WARN_UNUSED_FUNCTION = YES;
				GCC_WARN_UNUSED_VARIABLE = YES;
				IPHONEOS_DEPLOYMENT_TARGET = 11.1;
				MTL_ENABLE_DEBUG_INFO = NO;
				SDKROOT = iphoneos;
				SWIFT_OPTIMIZATION_LEVEL = "-Owholemodule";
				VALIDATE_PRODUCT = YES;
			};
			name = Release;
		};
		EF24E13F1FA51CBF00642C7C /* Debug */ = {
			isa = XCBuildConfiguration;
			buildSettings = {
				ASSETCATALOG_COMPILER_APPICON_NAME = AppIcon;
				CODE_SIGN_STYLE = Automatic;
				DEVELOPMENT_TEAM = AZ59WCD7SF;
				INFOPLIST_FILE = TestingMockedNetworkResponses/Info.plist;
				LD_RUNPATH_SEARCH_PATHS = "$(inherited) @executable_path/Frameworks";
				PRODUCT_BUNDLE_IDENTIFIER = com.shauncodes.TestingMockedNetworkResponses;
				PRODUCT_NAME = "$(TARGET_NAME)";
				SWIFT_VERSION = 4.0;
				TARGETED_DEVICE_FAMILY = "1,2";
			};
			name = Debug;
		};
		EF24E1401FA51CBF00642C7C /* Release */ = {
			isa = XCBuildConfiguration;
			buildSettings = {
				ASSETCATALOG_COMPILER_APPICON_NAME = AppIcon;
				CODE_SIGN_STYLE = Automatic;
				DEVELOPMENT_TEAM = AZ59WCD7SF;
				INFOPLIST_FILE = TestingMockedNetworkResponses/Info.plist;
				LD_RUNPATH_SEARCH_PATHS = "$(inherited) @executable_path/Frameworks";
				PRODUCT_BUNDLE_IDENTIFIER = com.shauncodes.TestingMockedNetworkResponses;
				PRODUCT_NAME = "$(TARGET_NAME)";
				SWIFT_VERSION = 4.0;
				TARGETED_DEVICE_FAMILY = "1,2";
			};
			name = Release;
		};
		EF24E1421FA51CBF00642C7C /* Debug */ = {
			isa = XCBuildConfiguration;
			buildSettings = {
				ALWAYS_EMBED_SWIFT_STANDARD_LIBRARIES = YES;
				BUNDLE_LOADER = "$(TEST_HOST)";
				CODE_SIGN_STYLE = Automatic;
				DEVELOPMENT_TEAM = AZ59WCD7SF;
				INFOPLIST_FILE = TestingMockedNetworkResponsesTests/Info.plist;
				LD_RUNPATH_SEARCH_PATHS = "$(inherited) @executable_path/Frameworks @loader_path/Frameworks";
				PRODUCT_BUNDLE_IDENTIFIER = com.shauncodes.TestingMockedNetworkResponsesTests;
				PRODUCT_NAME = "$(TARGET_NAME)";
				SWIFT_VERSION = 4.0;
				TARGETED_DEVICE_FAMILY = "1,2";
				TEST_HOST = "$(BUILT_PRODUCTS_DIR)/TestingMockedNetworkResponses.app/TestingMockedNetworkResponses";
			};
			name = Debug;
		};
		EF24E1431FA51CBF00642C7C /* Release */ = {
			isa = XCBuildConfiguration;
			buildSettings = {
				ALWAYS_EMBED_SWIFT_STANDARD_LIBRARIES = YES;
				BUNDLE_LOADER = "$(TEST_HOST)";
				CODE_SIGN_STYLE = Automatic;
				DEVELOPMENT_TEAM = AZ59WCD7SF;
				INFOPLIST_FILE = TestingMockedNetworkResponsesTests/Info.plist;
				LD_RUNPATH_SEARCH_PATHS = "$(inherited) @executable_path/Frameworks @loader_path/Frameworks";
				PRODUCT_BUNDLE_IDENTIFIER = com.shauncodes.TestingMockedNetworkResponsesTests;
				PRODUCT_NAME = "$(TARGET_NAME)";
				SWIFT_VERSION = 4.0;
				TARGETED_DEVICE_FAMILY = "1,2";
				TEST_HOST = "$(BUILT_PRODUCTS_DIR)/TestingMockedNetworkResponses.app/TestingMockedNetworkResponses";
			};
			name = Release;
		};
		EF24E1451FA51CBF00642C7C /* Debug */ = {
			isa = XCBuildConfiguration;
			buildSettings = {
				ALWAYS_EMBED_SWIFT_STANDARD_LIBRARIES = YES;
				CODE_SIGN_STYLE = Automatic;
				DEVELOPMENT_TEAM = AZ59WCD7SF;
				INFOPLIST_FILE = TestingMockedNetworkResponsesUITests/Info.plist;
				LD_RUNPATH_SEARCH_PATHS = "$(inherited) @executable_path/Frameworks @loader_path/Frameworks";
				PRODUCT_BUNDLE_IDENTIFIER = com.shauncodes.TestingMockedNetworkResponsesUITests;
				PRODUCT_NAME = "$(TARGET_NAME)";
				SWIFT_VERSION = 4.0;
				TARGETED_DEVICE_FAMILY = "1,2";
				TEST_TARGET_NAME = TestingMockedNetworkResponses;
			};
			name = Debug;
		};
		EF24E1461FA51CBF00642C7C /* Release */ = {
			isa = XCBuildConfiguration;
			buildSettings = {
				ALWAYS_EMBED_SWIFT_STANDARD_LIBRARIES = YES;
				CODE_SIGN_STYLE = Automatic;
				DEVELOPMENT_TEAM = AZ59WCD7SF;
				INFOPLIST_FILE = TestingMockedNetworkResponsesUITests/Info.plist;
				LD_RUNPATH_SEARCH_PATHS = "$(inherited) @executable_path/Frameworks @loader_path/Frameworks";
				PRODUCT_BUNDLE_IDENTIFIER = com.shauncodes.TestingMockedNetworkResponsesUITests;
				PRODUCT_NAME = "$(TARGET_NAME)";
				SWIFT_VERSION = 4.0;
				TARGETED_DEVICE_FAMILY = "1,2";
				TEST_TARGET_NAME = TestingMockedNetworkResponses;
			};
			name = Release;
		};
/* End XCBuildConfiguration section */

/* Begin XCConfigurationList section */
		EF24E1111FA51CBF00642C7C /* Build configuration list for PBXProject "TestingMockedNetworkResponses" */ = {
			isa = XCConfigurationList;
			buildConfigurations = (
				EF24E13C1FA51CBF00642C7C /* Debug */,
				EF24E13D1FA51CBF00642C7C /* Release */,
			);
			defaultConfigurationIsVisible = 0;
			defaultConfigurationName = Release;
		};
		EF24E13E1FA51CBF00642C7C /* Build configuration list for PBXNativeTarget "TestingMockedNetworkResponses" */ = {
			isa = XCConfigurationList;
			buildConfigurations = (
				EF24E13F1FA51CBF00642C7C /* Debug */,
				EF24E1401FA51CBF00642C7C /* Release */,
			);
			defaultConfigurationIsVisible = 0;
			defaultConfigurationName = Release;
		};
		EF24E1411FA51CBF00642C7C /* Build configuration list for PBXNativeTarget "TestingMockedNetworkResponsesTests" */ = {
			isa = XCConfigurationList;
			buildConfigurations = (
				EF24E1421FA51CBF00642C7C /* Debug */,
				EF24E1431FA51CBF00642C7C /* Release */,
			);
			defaultConfigurationIsVisible = 0;
			defaultConfigurationName = Release;
		};
		EF24E1441FA51CBF00642C7C /* Build configuration list for PBXNativeTarget "TestingMockedNetworkResponsesUITests" */ = {
			isa = XCConfigurationList;
			buildConfigurations = (
				EF24E1451FA51CBF00642C7C /* Debug */,
				EF24E1461FA51CBF00642C7C /* Release */,
			);
			defaultConfigurationIsVisible = 0;
			defaultConfigurationName = Release;
		};
/* End XCConfigurationList section */
	};
	rootObject = EF24E10E1FA51CBF00642C7C /* Project object */;
}
